PODS:
  - IQKeyboardManager (6.2.1)
  - Masonry (1.1.0)

DEPENDENCIES:
  - IQKeyboardManager
  - Masonry

SPEC REPOS:
  https://github.com/cocoapods/specs.git:
    - IQKeyboardManager
    - Masonry

SPEC CHECKSUMS:
  IQKeyboardManager: 964638372b4a61892cc74fdfa6fd26de8c9464a2
  Masonry: 678fab65091a9290e40e2832a55e7ab731aad201

PODFILE CHECKSUM: 516e3338e432094f1784c78312da89ce2ba50066

COCOAPODS: 1.6.0
